
Microsoft Visual Studio Solution File, Format Version 12.00
# Visual Studio 15
VisualStudioVersion = 15.0.28307.572
MinimumVisualStudioVersion = 10.0.40219.1
Project("{9A19103F-16F7-4668-BE54-9A1E7A4F7556}") = "Service", "Service\Service.csproj", "{FA463583-5F12-4672-ACDF-2C272693FE6C}"
EndProject
Project("{9A19103F-16F7-4668-BE54-9A1E7A4F7556}") = "Repository", "Repository\Repository.csproj", "{1E1B28F4-AD1D-4EA0-BE3B-1873E43D9382}"
EndProject
Project("{9A19103F-16F7-4668-BE54-9A1E7A4F7556}") = "Repository.Tests", "RepositoryTest\Repository.Tests.csproj", "{16E92F67-1A7F-489A-86F2-100A34D6D7CC}"
EndProject
Global
	GlobalSection(SolutionConfigurationPlatforms) = preSolution
		Debug|Any CPU = Debug|Any CPU
		Release|Any CPU = Release|Any CPU
	EndGlobalSection
	GlobalSection(ProjectConfigurationPlatforms) = postSolution
		{FA463583-5F12-4672-ACDF-2C272693FE6C}.Debug|Any CPU.ActiveCfg = Debug|Any CPU
		{FA463583-5F12-4672-ACDF-2C272693FE6C}.Debug|Any CPU.Build.0 = Debug|Any CPU
		{FA463583-5F12-4672-ACDF-2C272693FE6C}.Release|Any CPU.ActiveCfg = Release|Any CPU
		{FA463583-5F12-4672-ACDF-2C272693FE6C}.Release|Any CPU.Build.0 = Release|Any CPU
		{1E1B28F4-AD1D-4EA0-BE3B-1873E43D9382}.Debug|Any CPU.ActiveCfg = Debug|Any CPU
		{1E1B28F4-AD1D-4EA0-BE3B-1873E43D9382}.Debug|Any CPU.Build.0 = Debug|Any CPU
		{1E1B28F4-AD1D-4EA0-BE3B-1873E43D9382}.Release|Any CPU.ActiveCfg = Release|Any CPU
		{1E1B28F4-AD1D-4EA0-BE3B-1873E43D9382}.Release|Any CPU.Build.0 = Release|Any CPU
		{16E92F67-1A7F-489A-86F2-100A34D6D7CC}.Debug|Any CPU.ActiveCfg = Debug|Any CPU
		{16E92F67-1A7F-489A-86F2-100A34D6D7CC}.Debug|Any CPU.Build.0 = Debug|Any CPU
		{16E92F67-1A7F-489A-86F2-100A34D6D7CC}.Release|Any CPU.ActiveCfg = Release|Any CPU
		{16E92F67-1A7F-489A-86F2-100A34D6D7CC}.Release|Any CPU.Build.0 = Release|Any CPU
	EndGlobalSection
	GlobalSection(SolutionProperties) = preSolution
		HideSolutionNode = FALSE
	EndGlobalSection
	GlobalSection(ExtensibilityGlobals) = postSolution
		SolutionGuid = {F2A82C4F-E330-4358-8A5C-0294A2089B45}
	EndGlobalSection
EndGlobal
